
Microsoft Visual Studio Solution File, Format Version 12.00
# Visual Studio 15
VisualStudioVersion = 15.0.28307.645
MinimumVisualStudioVersion = 10.0.40219.1
Project("{FAE04EC0-301F-11D3-BF4B-00C04F79EFBC}") = "We.CrudService.Api", "..\We.CrudService.Api\We.CrudService.Api.csproj", "{F525A74A-94E7-4D98-B6C7-264D6CC61C4F}"
EndProject
Project("{FAE04EC0-301F-11D3-BF4B-00C04F79EFBC}") = "We.CrudService.Tests", "We.CrudService.Tests\We.CrudService.Tests.csproj", "{F59258D6-78DA-47A0-A44F-31B90CFC213B}"
EndProject
Global
	GlobalSection(SolutionConfigurationPlatforms) = preSolution
		Debug|Any CPU = Debug|Any CPU
		Release|Any CPU = Release|Any CPU
	EndGlobalSection
	GlobalSection(ProjectConfigurationPlatforms) = postSolution
		{F525A74A-94E7-4D98-B6C7-264D6CC61C4F}.Debug|Any CPU.ActiveCfg = Debug|Any CPU
		{F525A74A-94E7-4D98-B6C7-264D6CC61C4F}.Debug|Any CPU.Build.0 = Debug|Any CPU
		{F525A74A-94E7-4D98-B6C7-264D6CC61C4F}.Release|Any CPU.ActiveCfg = Release|Any CPU
		{F525A74A-94E7-4D98-B6C7-264D6CC61C4F}.Release|Any CPU.Build.0 = Release|Any CPU
		{F59258D6-78DA-47A0-A44F-31B90CFC213B}.Debug|Any CPU.ActiveCfg = Debug|Any CPU
		{F59258D6-78DA-47A0-A44F-31B90CFC213B}.Debug|Any CPU.Build.0 = Debug|Any CPU
		{F59258D6-78DA-47A0-A44F-31B90CFC213B}.Release|Any CPU.ActiveCfg = Release|Any CPU
		{F59258D6-78DA-47A0-A44F-31B90CFC213B}.Release|Any CPU.Build.0 = Release|Any CPU
	EndGlobalSection
	GlobalSection(SolutionProperties) = preSolution
		HideSolutionNode = FALSE
	EndGlobalSection
	GlobalSection(ExtensibilityGlobals) = postSolution
		SolutionGuid = {D84F2D0F-230F-4F2F-800D-0AE89E836F03}
	EndGlobalSection
EndGlobal
